{
  "lockfileVersion": 1,
  "workspaces": {
    "": {
      "name": "gg-manage",
      "dependencies": {
        "@serialport/parser-readline": "^13.0.0",
        "dayjs": "^1.11.20",
        "grammy": "^1.41.1",
        "serialport": "^13.0.0",
        "socks-proxy-agent": "^9.0.0",
        "zod": "^4.3.6",
      },
      "devDependencies": {
        "@types/bun": "latest",
      },
      "peerDependencies": {
        "typescript": "^5",
      },
    },
  },
  "packages": {
    "@grammyjs/types": ["@grammyjs/types@3.25.0", "", {}, "sha512-iN9i5p+8ZOu9OMxWNcguojQfz4K/PDyMPOnL7PPCON+SoA/F8OKMH3uR7CVUkYfdNe0GCz8QOzAWrnqusQYFOg=="],

    "@serialport/binding-mock": ["@serialport/binding-mock@10.2.2", "", { "dependencies": { "@serialport/bindings-interface": "^1.2.1", "debug": "^4.3.3" } }, "sha512-HAFzGhk9OuFMpuor7aT5G1ChPgn5qSsklTFOTUX72Rl6p0xwcSVsRtG/xaGp6bxpN7fI9D/S8THLBWbBgS6ldw=="],

    "@serialport/bindings-cpp": ["@serialport/bindings-cpp@13.0.0", "", { "dependencies": { "@serialport/bindings-interface": "1.2.2", "@serialport/parser-readline": "12.0.0", "debug": "4.4.0", "node-addon-api": "8.3.0", "node-gyp-build": "4.8.4" } }, "sha512-r25o4Bk/vaO1LyUfY/ulR6hCg/aWiN6Wo2ljVlb4Pj5bqWGcSRC4Vse4a9AcapuAu/FeBzHCbKMvRQeCuKjzIQ=="],

    "@serialport/bindings-interface": ["@serialport/bindings-interface@1.2.2", "", {}, "sha512-CJaUd5bLvtM9c5dmO9rPBHPXTa9R2UwpkJ0wdh9JCYcbrPWsKz+ErvR0hBLeo7NPeiFdjFO4sonRljiw4d2XiA=="],

    "@serialport/parser-byte-length": ["@serialport/parser-byte-length@13.0.0", "", {}, "sha512-32yvqeTAqJzAEtX5zCrN1Mej56GJ5h/cVFsCDPbF9S1ZSC9FWjOqNAgtByseHfFTSTs/4ZBQZZcZBpolt8sUng=="],

    "@serialport/parser-cctalk": ["@serialport/parser-cctalk@13.0.0", "", {}, "sha512-RErAe57g9gvnlieVYGIn1xymb1bzNXb2QtUQd14FpmbQQYlcrmuRnJwKa1BgTCujoCkhtaTtgHlbBWOxm8U2uA=="],

    "@serialport/parser-delimiter": ["@serialport/parser-delimiter@13.0.0", "", {}, "sha512-Qqyb0FX1avs3XabQqNaZSivyVbl/yl0jywImp7ePvfZKLwx7jBZjvL+Hawt9wIG6tfq6zbFM24vzCCK7REMUig=="],

    "@serialport/parser-inter-byte-timeout": ["@serialport/parser-inter-byte-timeout@13.0.0", "", {}, "sha512-a0w0WecTW7bD2YHWrpTz1uyiWA2fDNym0kjmPeNSwZ2XCP+JbirZt31l43m2ey6qXItTYVuQBthm75sPVeHnGA=="],

    "@serialport/parser-packet-length": ["@serialport/parser-packet-length@13.0.0", "", {}, "sha512-60ZDDIqYRi0Xs2SPZUo4Jr5LLIjtb+rvzPKMJCohrO6tAqSDponcNpcB1O4W21mKTxYjqInSz+eMrtk0LLfZIg=="],

    "@serialport/parser-readline": ["@serialport/parser-readline@13.0.0", "", { "dependencies": { "@serialport/parser-delimiter": "13.0.0" } }, "sha512-dov3zYoyf0dt1Sudd1q42VVYQ4WlliF0MYvAMA3MOyiU1IeG4hl0J6buBA2w4gl3DOCC05tGgLDN/3yIL81gsA=="],

    "@serialport/parser-ready": ["@serialport/parser-ready@13.0.0", "", {}, "sha512-JNUQA+y2Rfs4bU+cGYNqOPnNMAcayhhW+XJZihSLQXOHcZsFnOa2F9YtMg9VXRWIcnHldHYtisp62Etjlw24bw=="],

    "@serialport/parser-regex": ["@serialport/parser-regex@13.0.0", "", {}, "sha512-m7HpIf56G5XcuDdA3DB34Z0pJiwxNRakThEHjSa4mG05OnWYv0IG8l2oUyYfuGMowQWaVnQ+8r+brlPxGVH+eA=="],

    "@serialport/parser-slip-encoder": ["@serialport/parser-slip-encoder@13.0.0", "", {}, "sha512-fUHZEExm6izJ7rg0A1yjXwu4sOzeBkPAjDZPfb+XQoqgtKAk+s+HfICiYn7N2QU9gyaeCO8VKgWwi+b/DowYOg=="],

    "@serialport/parser-spacepacket": ["@serialport/parser-spacepacket@13.0.0", "", {}, "sha512-DoXJ3mFYmyD8X/8931agJvrBPxqTaYDsPoly9/cwQSeh/q4EjQND9ySXBxpWz5WcpyCU4jOuusqCSAPsbB30Eg=="],

    "@serialport/stream": ["@serialport/stream@13.0.0", "", { "dependencies": { "@serialport/bindings-interface": "1.2.2", "debug": "4.4.0" } }, "sha512-F7xLJKsjGo2WuEWMSEO1SimRcOA+WtWICsY13r0ahx8s2SecPQH06338g28OT7cW7uRXI7oEQAk62qh5gHJW3g=="],

    "@types/bun": ["@types/bun@1.3.11", "", { "dependencies": { "bun-types": "1.3.11" } }, "sha512-5vPne5QvtpjGpsGYXiFyycfpDF2ECyPcTSsFBMa0fraoxiQyMJ3SmuQIGhzPg2WJuWxVBoxWJ2kClYTcw/4fAg=="],

    "@types/node": ["@types/node@25.5.0", "", { "dependencies": { "undici-types": "~7.18.0" } }, "sha512-jp2P3tQMSxWugkCUKLRPVUpGaL5MVFwF8RDuSRztfwgN1wmqJeMSbKlnEtQqU8UrhTmzEmZdu2I6v2dpp7XIxw=="],

    "abort-controller": ["abort-controller@3.0.0", "", { "dependencies": { "event-target-shim": "^5.0.0" } }, "sha512-h8lQ8tacZYnR3vNQTgibj+tODHI5/+l06Au2Pcriv/Gmet0eaj4TwWH41sO9wnHDiQsEj19q0drzdWdeAHtweg=="],

    "agent-base": ["agent-base@8.0.0", "", {}, "sha512-QT8i0hCz6C/KQ+KTAbSNwCHDGdmUJl2tp2ZpNlGSWCfhUNVbYG2WLE3MdZGBAgXPV4GAvjGMxo+C1hroyxmZEg=="],

    "bun-types": ["bun-types@1.3.11", "", { "dependencies": { "@types/node": "*" } }, "sha512-1KGPpoxQWl9f6wcZh57LvrPIInQMn2TQ7jsgxqpRzg+l0QPOFvJVH7HmvHo/AiPgwXy+/Thf6Ov3EdVn1vOabg=="],

    "dayjs": ["dayjs@1.11.20", "", {}, "sha512-YbwwqR/uYpeoP4pu043q+LTDLFBLApUP6VxRihdfNTqu4ubqMlGDLd6ErXhEgsyvY0K6nCs7nggYumAN+9uEuQ=="],

    "debug": ["debug@4.4.3", "", { "dependencies": { "ms": "^2.1.3" } }, "sha512-RGwwWnwQvkVfavKVt22FGLw+xYSdzARwm0ru6DhTVA3umU5hZc28V3kO4stgYryrTlLpuvgI9GiijltAjNbcqA=="],

    "event-target-shim": ["event-target-shim@5.0.1", "", {}, "sha512-i/2XbnSz/uxRCU6+NdVJgKWDTM427+MqYbkQzD321DuCQJUqOuJKIA0IM2+W2xtYHdKOmZ4dR6fExsd4SXL+WQ=="],

    "grammy": ["grammy@1.41.1", "", { "dependencies": { "@grammyjs/types": "3.25.0", "abort-controller": "^3.0.0", "debug": "^4.4.3", "node-fetch": "^2.7.0" } }, "sha512-wcHAQ1e7svL3fJMpDchcQVcWUmywhuepOOjHUHmMmWAwUJEIyK5ea5sbSjZd+Gy1aMpZeP8VYJa+4tP+j1YptQ=="],

    "ip-address": ["ip-address@10.1.0", "", {}, "sha512-XXADHxXmvT9+CRxhXg56LJovE+bmWnEWB78LB83VZTprKTmaC5QfruXocxzTZ2Kl0DNwKuBdlIhjL8LeY8Sf8Q=="],

    "ms": ["ms@2.1.3", "", {}, "sha512-6FlzubTLZG3J2a/NVCAleEhjzq5oxgHyaCU9yYXvcLsvoVaHJq/s5xXI6/XXP6tz7R9xAOtHnSO/tXtF3WRTlA=="],

    "node-addon-api": ["node-addon-api@8.3.0", "", {}, "sha512-8VOpLHFrOQlAH+qA0ZzuGRlALRA6/LVh8QJldbrC4DY0hXoMP0l4Acq8TzFC018HztWiRqyCEj2aTWY2UvnJUg=="],

    "node-fetch": ["node-fetch@2.7.0", "", { "dependencies": { "whatwg-url": "^5.0.0" }, "peerDependencies": { "encoding": "^0.1.0" }, "optionalPeers": ["encoding"] }, "sha512-c4FRfUm/dbcWZ7U+1Wq0AwCyFL+3nt2bEw05wfxSz+DWpWsitgmSgYmy2dQdWyKC1694ELPqMs/YzUSNozLt8A=="],

    "node-gyp-build": ["node-gyp-build@4.8.4", "", { "bin": { "node-gyp-build": "bin.js", "node-gyp-build-optional": "optional.js", "node-gyp-build-test": "build-test.js" } }, "sha512-LA4ZjwlnUblHVgq0oBF3Jl/6h/Nvs5fzBLwdEF4nuxnFdsfajde4WfxtJr3CaiH+F6ewcIB/q4jQ4UzPyid+CQ=="],

    "serialport": ["serialport@13.0.0", "", { "dependencies": { "@serialport/binding-mock": "10.2.2", "@serialport/bindings-cpp": "13.0.0", "@serialport/parser-byte-length": "13.0.0", "@serialport/parser-cctalk": "13.0.0", "@serialport/parser-delimiter": "13.0.0", "@serialport/parser-inter-byte-timeout": "13.0.0", "@serialport/parser-packet-length": "13.0.0", "@serialport/parser-readline": "13.0.0", "@serialport/parser-ready": "13.0.0", "@serialport/parser-regex": "13.0.0", "@serialport/parser-slip-encoder": "13.0.0", "@serialport/parser-spacepacket": "13.0.0", "@serialport/stream": "13.0.0", "debug": "4.4.0" } }, "sha512-PHpnTd8isMGPfFTZNCzOZp9m4mAJSNWle9Jxu6BPTcWq7YXl5qN7tp8Sgn0h+WIGcD6JFz5QDgixC2s4VW7vzg=="],

    "smart-buffer": ["smart-buffer@4.2.0", "", {}, "sha512-94hK0Hh8rPqQl2xXc3HsaBoOXKV20MToPkcXvwbISWLEs+64sBq5kFgn2kJDHb1Pry9yrP0dxrCI9RRci7RXKg=="],

    "socks": ["socks@2.8.7", "", { "dependencies": { "ip-address": "^10.0.1", "smart-buffer": "^4.2.0" } }, "sha512-HLpt+uLy/pxB+bum/9DzAgiKS8CX1EvbWxI4zlmgGCExImLdiad2iCwXT5Z4c9c3Eq8rP2318mPW2c+QbtjK8A=="],

    "socks-proxy-agent": ["socks-proxy-agent@9.0.0", "", { "dependencies": { "agent-base": "8.0.0", "debug": "^4.3.4", "socks": "^2.8.3" } }, "sha512-fFlbMlfsXhK02ZB8aZY7Hwxh/IHBV9b1Oq9bvBk6tkFWXvdAxUgA0wbw/NYR5liU3Y5+KI6U4FH3kYJt9QYv0w=="],

    "tr46": ["tr46@0.0.3", "", {}, "sha512-N3WMsuqV66lT30CrXNbEjx4GEwlow3v6rr4mCcv6prnfwhS01rkgyFdjPNBYd9br7LpXV1+Emh01fHnq2Gdgrw=="],

    "typescript": ["typescript@5.9.3", "", { "bin": { "tsc": "bin/tsc", "tsserver": "bin/tsserver" } }, "sha512-jl1vZzPDinLr9eUt3J/t7V6FgNEw9QjvBPdysz9KfQDD41fQrC2Y4vKQdiaUpFT4bXlb1RHhLpp8wtm6M5TgSw=="],

    "undici-types": ["undici-types@7.18.2", "", {}, "sha512-AsuCzffGHJybSaRrmr5eHr81mwJU3kjw6M+uprWvCXiNeN9SOGwQ3Jn8jb8m3Z6izVgknn1R0FTCEAP2QrLY/w=="],

    "webidl-conversions": ["webidl-conversions@3.0.1", "", {}, "sha512-2JAn3z8AR6rjK8Sm8orRC0h/bcl/DqL7tRPdGZ4I1CjdF+EaMLmYxBHyXuKL849eucPFhvBoxMsflfOb8kxaeQ=="],

    "whatwg-url": ["whatwg-url@5.0.0", "", { "dependencies": { "tr46": "~0.0.3", "webidl-conversions": "^3.0.0" } }, "sha512-saE57nupxk6v3HY35+jzBwYa0rKSy0XR8JSxZPwgLr7ys0IBzhGviA1/TUGJLmSVqs8pb9AnvICXEuOHLprYTw=="],

    "zod": ["zod@4.3.6", "", {}, "sha512-rftlrkhHZOcjDwkGlnUtZZkvaPHCsDATp4pGpuOOMDaTdDDXF91wuVDJoWoPsKX/3YPQ5fHuF3STjcYyKr+Qhg=="],

    "@serialport/bindings-cpp/@serialport/parser-readline": ["@serialport/parser-readline@12.0.0", "", { "dependencies": { "@serialport/parser-delimiter": "12.0.0" } }, "sha512-O7cywCWC8PiOMvo/gglEBfAkLjp/SENEML46BXDykfKP5mTPM46XMaX1L0waWU6DXJpBgjaL7+yX6VriVPbN4w=="],

    "@serialport/bindings-cpp/debug": ["debug@4.4.0", "", { "dependencies": { "ms": "^2.1.3" } }, "sha512-6WTZ/IxCY/T6BALoZHaE4ctp9xm+Z5kY/pzYaCHRFeyVhojxlrm+46y68HA6hr0TcwEssoxNiDEUJQjfPZ/RYA=="],

    "@serialport/stream/debug": ["debug@4.4.0", "", { "dependencies": { "ms": "^2.1.3" } }, "sha512-6WTZ/IxCY/T6BALoZHaE4ctp9xm+Z5kY/pzYaCHRFeyVhojxlrm+46y68HA6hr0TcwEssoxNiDEUJQjfPZ/RYA=="],

    "serialport/debug": ["debug@4.4.0", "", { "dependencies": { "ms": "^2.1.3" } }, "sha512-6WTZ/IxCY/T6BALoZHaE4ctp9xm+Z5kY/pzYaCHRFeyVhojxlrm+46y68HA6hr0TcwEssoxNiDEUJQjfPZ/RYA=="],

    "@serialport/bindings-cpp/@serialport/parser-readline/@serialport/parser-delimiter": ["@serialport/parser-delimiter@12.0.0", "", {}, "sha512-gu26tVt5lQoybhorLTPsH2j2LnX3AOP2x/34+DUSTNaUTzu2fBXw+isVjQJpUBFWu6aeQRZw5bJol5X9Gxjblw=="],
  }
}
